
Microsoft Visual Studio Solution File, Format Version 12.00
# Visual Studio 15
VisualStudioVersion = 15.0.26014.0
MinimumVisualStudioVersion = 10.0.40219.1
Project("{FAE04EC0-301F-11D3-BF4B-00C04F79EFBC}") = "LIFF.Model", "LIFF.Model\LIFF.Model.csproj", "{0CE6CC76-05FA-4678-9980-A38B98C5CF9C}"
EndProject
Project("{FAE04EC0-301F-11D3-BF4B-00C04F79EFBC}") = "LIFF.Data", "LIFF.Data\LIFF.Data.csproj", "{CB5A083C-92DC-4F13-BAD7-0769D06BE851}"
EndProject
Project("{FAE04EC0-301F-11D3-BF4B-00C04F79EFBC}") = "LIFF.Service", "LIFF.Service\LIFF.Service.csproj", "{28865D80-3913-46D9-AD71-F7E05D5C7EFF}"
EndProject
Project("{FAE04EC0-301F-11D3-BF4B-00C04F79EFBC}") = "LIFF.Web", "LIFF.Web\LIFF.Web.csproj", "{D65F1B1D-7204-43E8-86E9-D8ACD7B6AD09}"
EndProject
Global
	GlobalSection(SolutionConfigurationPlatforms) = preSolution
		Debug|Any CPU = Debug|Any CPU
		Release|Any CPU = Release|Any CPU
	EndGlobalSection
	GlobalSection(ProjectConfigurationPlatforms) = postSolution
		{0CE6CC76-05FA-4678-9980-A38B98C5CF9C}.Debug|Any CPU.ActiveCfg = Debug|Any CPU
		{0CE6CC76-05FA-4678-9980-A38B98C5CF9C}.Debug|Any CPU.Build.0 = Debug|Any CPU
		{0CE6CC76-05FA-4678-9980-A38B98C5CF9C}.Release|Any CPU.ActiveCfg = Release|Any CPU
		{0CE6CC76-05FA-4678-9980-A38B98C5CF9C}.Release|Any CPU.Build.0 = Release|Any CPU
		{CB5A083C-92DC-4F13-BAD7-0769D06BE851}.Debug|Any CPU.ActiveCfg = Debug|Any CPU
		{CB5A083C-92DC-4F13-BAD7-0769D06BE851}.Debug|Any CPU.Build.0 = Debug|Any CPU
		{CB5A083C-92DC-4F13-BAD7-0769D06BE851}.Release|Any CPU.ActiveCfg = Release|Any CPU
		{CB5A083C-92DC-4F13-BAD7-0769D06BE851}.Release|Any CPU.Build.0 = Release|Any CPU
		{28865D80-3913-46D9-AD71-F7E05D5C7EFF}.Debug|Any CPU.ActiveCfg = Debug|Any CPU
		{28865D80-3913-46D9-AD71-F7E05D5C7EFF}.Debug|Any CPU.Build.0 = Debug|Any CPU
		{28865D80-3913-46D9-AD71-F7E05D5C7EFF}.Release|Any CPU.ActiveCfg = Release|Any CPU
		{28865D80-3913-46D9-AD71-F7E05D5C7EFF}.Release|Any CPU.Build.0 = Release|Any CPU
		{D65F1B1D-7204-43E8-86E9-D8ACD7B6AD09}.Debug|Any CPU.ActiveCfg = Debug|Any CPU
		{D65F1B1D-7204-43E8-86E9-D8ACD7B6AD09}.Debug|Any CPU.Build.0 = Debug|Any CPU
		{D65F1B1D-7204-43E8-86E9-D8ACD7B6AD09}.Release|Any CPU.ActiveCfg = Release|Any CPU
		{D65F1B1D-7204-43E8-86E9-D8ACD7B6AD09}.Release|Any CPU.Build.0 = Release|Any CPU
	EndGlobalSection
	GlobalSection(SolutionProperties) = preSolution
		HideSolutionNode = FALSE
	EndGlobalSection
EndGlobal
